Microsoft Visual Studio Solution File, Format Version 11.00
# Visual Studio 2010
Project("{FAE04EC0-301F-11D3-BF4B-00C04F79EFBC}") = "UniRx", "UniRx.csproj", "{A6C65201-4454-39F8-9C0F-F7D2F6DBC8DC}"
EndProject
Project("{FAE04EC0-301F-11D3-BF4B-00C04F79EFBC}") = "UniRx.Async", "UniRx.Async.csproj", "{4272CFB8-EB13-C7BE-F41D-710D54A6B62C}"
EndProject
Project("{FAE04EC0-301F-11D3-BF4B-00C04F79EFBC}") = "Assembly-CSharp", "Assembly-CSharp.csproj", "{CBA48648-9E99-A704-FDFA-650567DC5784}"
EndProject
Project("{FAE04EC0-301F-11D3-BF4B-00C04F79EFBC}") = "UniRx.Async.Editor", "UniRx.Async.Editor.csproj", "{20F9E955-8F10-EE36-82C5-6C03A2431361}"
EndProject
Global
	GlobalSection(SolutionConfigurationPlatforms) = preSolution
		Debug|Any CPU = Debug|Any CPU
		Release|Any CPU = Release|Any CPU
	EndGlobalSection
	GlobalSection(ProjectConfigurationPlatforms) = postSolution
		{A6C65201-4454-39F8-9C0F-F7D2F6DBC8DC}.Debug|Any CPU.ActiveCfg = Debug|Any CPU
		{A6C65201-4454-39F8-9C0F-F7D2F6DBC8DC}.Debug|Any CPU.Build.0 = Debug|Any CPU
		{A6C65201-4454-39F8-9C0F-F7D2F6DBC8DC}.Release|Any CPU.ActiveCfg = Release|Any CPU
		{A6C65201-4454-39F8-9C0F-F7D2F6DBC8DC}.Release|Any CPU.Build.0 = Release|Any CPU
		{4272CFB8-EB13-C7BE-F41D-710D54A6B62C}.Debug|Any CPU.ActiveCfg = Debug|Any CPU
		{4272CFB8-EB13-C7BE-F41D-710D54A6B62C}.Debug|Any CPU.Build.0 = Debug|Any CPU
		{4272CFB8-EB13-C7BE-F41D-710D54A6B62C}.Release|Any CPU.ActiveCfg = Release|Any CPU
		{4272CFB8-EB13-C7BE-F41D-710D54A6B62C}.Release|Any CPU.Build.0 = Release|Any CPU
		{CBA48648-9E99-A704-FDFA-650567DC5784}.Debug|Any CPU.ActiveCfg = Debug|Any CPU
		{CBA48648-9E99-A704-FDFA-650567DC5784}.Debug|Any CPU.Build.0 = Debug|Any CPU
		{CBA48648-9E99-A704-FDFA-650567DC5784}.Release|Any CPU.ActiveCfg = Release|Any CPU
		{CBA48648-9E99-A704-FDFA-650567DC5784}.Release|Any CPU.Build.0 = Release|Any CPU
		{20F9E955-8F10-EE36-82C5-6C03A2431361}.Debug|Any CPU.ActiveCfg = Debug|Any CPU
		{20F9E955-8F10-EE36-82C5-6C03A2431361}.Debug|Any CPU.Build.0 = Debug|Any CPU
		{20F9E955-8F10-EE36-82C5-6C03A2431361}.Release|Any CPU.ActiveCfg = Release|Any CPU
		{20F9E955-8F10-EE36-82C5-6C03A2431361}.Release|Any CPU.Build.0 = Release|Any CPU
	EndGlobalSection
	GlobalSection(SolutionProperties) = preSolution
		HideSolutionNode = FALSE
	EndGlobalSection
	GlobalSection(MonoDevelopProperties) = preSolution
		StartupItem = Assembly-CSharp.csproj
	EndGlobalSection
EndGlobal
